{
  "requires": true,
  "lockfileVersion": 1,
  "dependencies": {
    "@unimodules/core": {
      "version": "5.1.2",
      "resolved": "https://registry.npm.taobao.org/@unimodules/core/download/@unimodules/core-5.1.2.tgz",
      "integrity": "sha1-RN5gGEyaUM9XvI7BzQJIEKcuzz4=",
      "requires": {
        "compare-versions": "^3.4.0"
      }
    },
    "@unimodules/react-native-adapter": {
      "version": "5.2.0",
      "resolved": "https://registry.npm.taobao.org/@unimodules/react-native-adapter/download/@unimodules/react-native-adapter-5.2.0.tgz",
      "integrity": "sha1-lr/Uz7rVCDs6oRUu4KSshPqd+2k=",
      "requires": {
        "invariant": "^2.2.4",
        "lodash": "^4.5.0",
        "prop-types": "^15.6.1"
      }
    },
    "ansi-styles": {
      "version": "3.2.1",
      "resolved": "https://registry.npm.taobao.org/ansi-styles/download/ansi-styles-3.2.1.tgz",
      "integrity": "sha1-QfuyAkPlCxK+DwS43tvwdSDOhB0=",
      "requires": {
        "color-convert": "^1.9.0"
      }
    },
    "blueimp-md5": {
      "version": "2.15.0",
      "resolved": "https://registry.npm.taobao.org/blueimp-md5/download/blueimp-md5-2.15.0.tgz",
      "integrity": "sha1-rpRfh8psLBHiVimD4RRQsFRfm7M="
    },
    "buffer-alloc": {
      "version": "1.2.0",
      "resolved": "https://registry.npm.taobao.org/buffer-alloc/download/buffer-alloc-1.2.0.tgz",
      "integrity": "sha1-iQ3ZDZI6hz4I4Q5f1RpX5bfM4Ow=",
      "requires": {
        "buffer-alloc-unsafe": "^1.1.0",
        "buffer-fill": "^1.0.0"
      }
    },
    "buffer-alloc-unsafe": {
      "version": "1.1.0",
      "resolved": "https://registry.npm.taobao.org/buffer-alloc-unsafe/download/buffer-alloc-unsafe-1.1.0.tgz",
      "integrity": "sha1-vX3CauKXLQ7aJTvgYdupkjScGfA="
    },
    "buffer-fill": {
      "version": "1.0.0",
      "resolved": "https://registry.npm.taobao.org/buffer-fill/download/buffer-fill-1.0.0.tgz",
      "integrity": "sha1-+PeLdniYiO858gXNY39o5wISKyw="
    },
    "chalk": {
      "version": "2.4.2",
      "resolved": "https://registry.npm.taobao.org/chalk/download/chalk-2.4.2.tgz?cache=0&other_urls=https%3A%2F%2Fregistry.npm.taobao.org%2Fchalk%2Fdownload%2Fchalk-2.4.2.tgz",
      "integrity": "sha1-zUJUFnelQzPPVBpJEIwUMrRMlCQ=",
      "requires": {
        "ansi-styles": "^3.2.1",
        "escape-string-regexp": "^1.0.5",
        "supports-color": "^5.3.0"
      }
    },
    "color-convert": {
      "version": "1.9.3",
      "resolved": "https://registry.npm.taobao.org/color-convert/download/color-convert-1.9.3.tgz",
      "integrity": "sha1-u3GFBpDh8TZWfeYp0tVHHe2kweg=",
      "requires": {
        "color-name": "1.1.3"
      }
    },
    "color-name": {
      "version": "1.1.3",
      "resolved": "https://registry.npm.taobao.org/color-name/download/color-name-1.1.3.tgz",
      "integrity": "sha1-p9BVi9icQveV3UIyj3QIMcpTvCU="
    },
    "compare-urls": {
      "version": "2.0.0",
      "resolved": "https://registry.npm.taobao.org/compare-urls/download/compare-urls-2.0.0.tgz",
      "integrity": "sha1-mzeMSr1DmAqHAP/+ya+4XeTfkHU=",
      "requires": {
        "normalize-url": "^2.0.1"
      }
    },
    "compare-versions": {
      "version": "3.6.0",
      "resolved": "https://registry.npm.taobao.org/compare-versions/download/compare-versions-3.6.0.tgz",
      "integrity": "sha1-GlaJkTaF5ah2N7jT/8p1UU7EHWI="
    },
    "core-js": {
      "version": "3.6.5",
      "resolved": "https://registry.npm.taobao.org/core-js/download/core-js-3.6.5.tgz?cache=0&sync_timestamp=1586451159347&other_urls=https%3A%2F%2Fregistry.npm.taobao.org%2Fcore-js%2Fdownload%2Fcore-js-3.6.5.tgz",
      "integrity": "sha1-c5XcJzrzf7LlDpvT2f6EEoUjHRo="
    },
    "decode-uri-component": {
      "version": "0.2.0",
      "resolved": "https://registry.npm.taobao.org/decode-uri-component/download/decode-uri-component-0.2.0.tgz",
      "integrity": "sha1-6zkTMzRYd1y4TNGh+uBiEGu4dUU="
    },
    "escape-string-regexp": {
      "version": "1.0.5",
      "resolved": "https://registry.npm.taobao.org/escape-string-regexp/download/escape-string-regexp-1.0.5.tgz?cache=0&sync_timestamp=1587627212242&other_urls=https%3A%2F%2Fregistry.npm.taobao.org%2Fescape-string-regexp%2Fdownload%2Fescape-string-regexp-1.0.5.tgz",
      "integrity": "sha1-G2HAViGQqN/2rjuyzwIAyhMLhtQ="
    },
    "expo-asset": {
      "version": "8.1.5",
      "resolved": "https://registry.npm.taobao.org/expo-asset/download/expo-asset-8.1.5.tgz",
      "integrity": "sha1-bQ41BM1xnpuIjTKXjUGdZSLu15k=",
      "requires": {
        "blueimp-md5": "^2.10.0",
        "invariant": "^2.2.4",
        "md5-file": "^3.2.3",
        "path-browserify": "^1.0.0",
        "url-parse": "^1.4.4"
      }
    },
    "expo-constants": {
      "version": "9.0.0",
      "resolved": "https://registry.npm.taobao.org/expo-constants/download/expo-constants-9.0.0.tgz",
      "integrity": "sha1-NcYAB57pHTj+T1Y3XKrm6Q8SL90="
    },
    "expo-file-system": {
      "version": "8.1.0",
      "resolved": "https://registry.npm.taobao.org/expo-file-system/download/expo-file-system-8.1.0.tgz",
      "integrity": "sha1-1qpm+jLBmYK5TQAT+WPF7pct/W0=",
      "requires": {
        "uuid": "^3.4.0"
      }
    },
    "expo-image-loader": {
      "version": "1.0.1",
      "resolved": "https://registry.npm.taobao.org/expo-image-loader/download/expo-image-loader-1.0.1.tgz",
      "integrity": "sha1-qD4zZ2jfTfy4kJrrttgVLiVtenI="
    },
    "expo-permissions": {
      "version": "8.1.0",
      "resolved": "https://registry.npm.taobao.org/expo-permissions/download/expo-permissions-8.1.0.tgz",
      "integrity": "sha1-p/Lukbp2zjpGfnsQraqcpSAbIm8="
    },
    "expo-web-browser": {
      "version": "8.2.0",
      "resolved": "https://registry.npm.taobao.org/expo-web-browser/download/expo-web-browser-8.2.0.tgz",
      "integrity": "sha1-GPFP71S7IOcjdgCDaJvArvEwuyM=",
      "requires": {
        "compare-urls": "^2.0.0"
      }
    },
    "has-flag": {
      "version": "3.0.0",
      "resolved": "https://registry.npm.taobao.org/has-flag/download/has-flag-3.0.0.tgz",
      "integrity": "sha1-tdRU3CGZriJWmfNGfloH87lVuv0="
    },
    "invariant": {
      "version": "2.2.4",
      "resolved": "https://registry.npm.taobao.org/invariant/download/invariant-2.2.4.tgz?cache=0&other_urls=https%3A%2F%2Fregistry.npm.taobao.org%2Finvariant%2Fdownload%2Finvariant-2.2.4.tgz",
      "integrity": "sha1-YQ88ksk1nOHbYW5TgAjSP/NRWOY=",
      "requires": {
        "loose-envify": "^1.0.0"
      }
    },
    "is-plain-obj": {
      "version": "1.1.0",
      "resolved": "https://registry.npm.taobao.org/is-plain-obj/download/is-plain-obj-1.1.0.tgz",
      "integrity": "sha1-caUMhCnfync8kqOQpKA7OfzVHT4="
    },
    "js-tokens": {
      "version": "4.0.0",
      "resolved": "https://registry.npm.taobao.org/js-tokens/download/js-tokens-4.0.0.tgz?cache=0&sync_timestamp=1586796260005&other_urls=https%3A%2F%2Fregistry.npm.taobao.org%2Fjs-tokens%2Fdownload%2Fjs-tokens-4.0.0.tgz",
      "integrity": "sha1-GSA/tZmR35jjoocFDUZHzerzJJk="
    },
    "lodash": {
      "version": "4.17.15",
      "resolved": "https://registry.npm.taobao.org/lodash/download/lodash-4.17.15.tgz",
      "integrity": "sha1-tEf2ZwoEVbv+7dETku/zMOoJdUg="
    },
    "loose-envify": {
      "version": "1.4.0",
      "resolved": "https://registry.npm.taobao.org/loose-envify/download/loose-envify-1.4.0.tgz",
      "integrity": "sha1-ce5R+nvkyuwaY4OffmgtgTLTDK8=",
      "requires": {
        "js-tokens": "^3.0.0 || ^4.0.0"
      }
    },
    "md5-file": {
      "version": "3.2.3",
      "resolved": "https://registry.npm.taobao.org/md5-file/download/md5-file-3.2.3.tgz",
      "integrity": "sha1-+bzrlB7KIhSkwHJ/XnADFOdw8G8=",
      "requires": {
        "buffer-alloc": "^1.1.0"
      }
    },
    "normalize-url": {
      "version": "2.0.1",
      "resolved": "https://registry.npm.taobao.org/normalize-url/download/normalize-url-2.0.1.tgz?cache=0&sync_timestamp=1580491353926&other_urls=https%3A%2F%2Fregistry.npm.taobao.org%2Fnormalize-url%2Fdownload%2Fnormalize-url-2.0.1.tgz",
      "integrity": "sha1-g1qdoVUfom9w6SMpBpojqmV01+Y=",
      "requires": {
        "prepend-http": "^2.0.0",
        "query-string": "^5.0.1",
        "sort-keys": "^2.0.0"
      }
    },
    "object-assign": {
      "version": "4.1.1",
      "resolved": "https://registry.npm.taobao.org/object-assign/download/object-assign-4.1.1.tgz",
      "integrity": "sha1-IQmtx5ZYh8/AXLvUQsrIv7s2CGM="
    },
    "path-browserify": {
      "version": "1.0.1",
      "resolved": "https://registry.npm.taobao.org/path-browserify/download/path-browserify-1.0.1.tgz?cache=0&sync_timestamp=1583254548523&other_urls=https%3A%2F%2Fregistry.npm.taobao.org%2Fpath-browserify%2Fdownload%2Fpath-browserify-1.0.1.tgz",
      "integrity": "sha1-2YRUqcN1PVeQhg8W9ohnueRr4f0="
    },
    "prepend-http": {
      "version": "2.0.0",
      "resolved": "https://registry.npm.taobao.org/prepend-http/download/prepend-http-2.0.0.tgz",
      "integrity": "sha1-6SQ0v6XqjBn0HN/UAddBo8gZ2Jc="
    },
    "prop-types": {
      "version": "15.7.2",
      "resolved": "https://registry.npm.taobao.org/prop-types/download/prop-types-15.7.2.tgz",
      "integrity": "sha1-UsQedbjIfnK52TYOAga5ncv/psU=",
      "requires": {
        "loose-envify": "^1.4.0",
        "object-assign": "^4.1.1",
        "react-is": "^16.8.1"
      }
    },
    "query-string": {
      "version": "5.1.1",
      "resolved": "https://registry.npm.taobao.org/query-string/download/query-string-5.1.1.tgz",
      "integrity": "sha1-p4wBK3HBfgXy4/ojGd0zBoLvs8s=",
      "requires": {
        "decode-uri-component": "^0.2.0",
        "object-assign": "^4.1.0",
        "strict-uri-encode": "^1.0.0"
      }
    },
    "querystringify": {
      "version": "2.1.1",
      "resolved": "https://registry.npm.taobao.org/querystringify/download/querystringify-2.1.1.tgz",
      "integrity": "sha1-YOWl/WSn+L+k0qsu1v30yFutFU4="
    },
    "react-is": {
      "version": "16.13.1",
      "resolved": "https://registry.npm.taobao.org/react-is/download/react-is-16.13.1.tgz",
      "integrity": "sha1-eJcppNw23imZ3BVt1sHZwYzqVqQ="
    },
    "react-native-unimodules": {
      "version": "0.9.1",
      "resolved": "https://registry.npm.taobao.org/react-native-unimodules/download/react-native-unimodules-0.9.1.tgz",
      "integrity": "sha1-cuFFo0ThuGuvUT6b/Za7rCJzArM=",
      "requires": {
        "@unimodules/core": "~5.1.2",
        "@unimodules/react-native-adapter": "~5.2.0",
        "chalk": "^2.4.2",
        "expo-asset": "~8.1.0",
        "expo-constants": "~9.0.0",
        "expo-file-system": "~8.1.0",
        "expo-image-loader": "~1.0.0",
        "expo-permissions": "~8.1.0",
        "unimodules-app-loader": "~1.0.2",
        "unimodules-barcode-scanner-interface": "~5.1.0",
        "unimodules-camera-interface": "~5.1.0",
        "unimodules-constants-interface": "~5.1.0",
        "unimodules-face-detector-interface": "~5.1.0",
        "unimodules-file-system-interface": "~5.1.0",
        "unimodules-font-interface": "~5.1.0",
        "unimodules-image-loader-interface": "~5.1.0",
        "unimodules-permissions-interface": "~5.1.0",
        "unimodules-sensors-interface": "~5.1.0",
        "unimodules-task-manager-interface": "~5.1.0"
      }
    },
    "requires-port": {
      "version": "1.0.0",
      "resolved": "https://registry.npm.taobao.org/requires-port/download/requires-port-1.0.0.tgz",
      "integrity": "sha1-kl0mAdOaxIXgkc8NpcbmlNw9yv8="
    },
    "sort-keys": {
      "version": "2.0.0",
      "resolved": "https://registry.npm.taobao.org/sort-keys/download/sort-keys-2.0.0.tgz?cache=0&sync_timestamp=1565864868236&other_urls=https%3A%2F%2Fregistry.npm.taobao.org%2Fsort-keys%2Fdownload%2Fsort-keys-2.0.0.tgz",
      "integrity": "sha1-ZYU1WEhh7JfXMNbPQYIuH1ZoQSg=",
      "requires": {
        "is-plain-obj": "^1.0.0"
      }
    },
    "strict-uri-encode": {
      "version": "1.1.0",
      "resolved": "https://registry.npm.taobao.org/strict-uri-encode/download/strict-uri-encode-1.1.0.tgz",
      "integrity": "sha1-J5siXfHVgrH1TmWt3UNS4Y+qBxM="
    },
    "supports-color": {
      "version": "5.5.0",
      "resolved": "https://registry.npm.taobao.org/supports-color/download/supports-color-5.5.0.tgz?cache=0&sync_timestamp=1569557363805&other_urls=https%3A%2F%2Fregistry.npm.taobao.org%2Fsupports-color%2Fdownload%2Fsupports-color-5.5.0.tgz",
      "integrity": "sha1-4uaaRKyHcveKHsCzW2id9lMO/I8=",
      "requires": {
        "has-flag": "^3.0.0"
      }
    },
    "unimodules-app-loader": {
      "version": "1.0.2",
      "resolved": "https://registry.npm.taobao.org/unimodules-app-loader/download/unimodules-app-loader-1.0.2.tgz",
      "integrity": "sha1-Cvgh24rl18CdK+PGLKWqtXHW6aw="
    },
    "unimodules-barcode-scanner-interface": {
      "version": "5.1.0",
      "resolved": "https://registry.npm.taobao.org/unimodules-barcode-scanner-interface/download/unimodules-barcode-scanner-interface-5.1.0.tgz",
      "integrity": "sha1-bSQyK221VrIeypmhMGc8fgfYZVk="
    },
    "unimodules-camera-interface": {
      "version": "5.1.0",
      "resolved": "https://registry.npm.taobao.org/unimodules-camera-interface/download/unimodules-camera-interface-5.1.0.tgz",
      "integrity": "sha1-6kOo0Ft7GpBT5rIoG0KKHoCFNmE="
    },
    "unimodules-constants-interface": {
      "version": "5.1.0",
      "resolved": "https://registry.npm.taobao.org/unimodules-constants-interface/download/unimodules-constants-interface-5.1.0.tgz",
      "integrity": "sha1-kWqCA6iHtTzbzYC2O8b9Vshcz9I="
    },
    "unimodules-face-detector-interface": {
      "version": "5.1.0",
      "resolved": "https://registry.npm.taobao.org/unimodules-face-detector-interface/download/unimodules-face-detector-interface-5.1.0.tgz",
      "integrity": "sha1-VrTowjjYs495N/LrhyEtX4fEY/k="
    },
    "unimodules-file-system-interface": {
      "version": "5.1.0",
      "resolved": "https://registry.npm.taobao.org/unimodules-file-system-interface/download/unimodules-file-system-interface-5.1.0.tgz",
      "integrity": "sha1-rcum1tu1jYiRdUJd7cuxUB9Jirc="
    },
    "unimodules-font-interface": {
      "version": "5.1.0",
      "resolved": "https://registry.npm.taobao.org/unimodules-font-interface/download/unimodules-font-interface-5.1.0.tgz",
      "integrity": "sha1-lTwetuHyIfDH1CfXq6eMzlmbSyc="
    },
    "unimodules-image-loader-interface": {
      "version": "5.1.0",
      "resolved": "https://registry.npm.taobao.org/unimodules-image-loader-interface/download/unimodules-image-loader-interface-5.1.0.tgz",
      "integrity": "sha1-QO7ssdlAm1FZW1WQIyMM5QSFtiY="
    },
    "unimodules-permissions-interface": {
      "version": "5.1.0",
      "resolved": "https://registry.npm.taobao.org/unimodules-permissions-interface/download/unimodules-permissions-interface-5.1.0.tgz",
      "integrity": "sha1-FGBi7lzeHwDzS6JpLvq18Mb1XQI="
    },
    "unimodules-sensors-interface": {
      "version": "5.1.0",
      "resolved": "https://registry.npm.taobao.org/unimodules-sensors-interface/download/unimodules-sensors-interface-5.1.0.tgz",
      "integrity": "sha1-LY9fFaiwCz8Kq1nD/0dPOXNdY08="
    },
    "unimodules-task-manager-interface": {
      "version": "5.1.0",
      "resolved": "https://registry.npm.taobao.org/unimodules-task-manager-interface/download/unimodules-task-manager-interface-5.1.0.tgz",
      "integrity": "sha1-Sf5EMUZPqldro0U6GCQDDeu/jTU="
    },
    "url-parse": {
      "version": "1.4.7",
      "resolved": "https://registry.npm.taobao.org/url-parse/download/url-parse-1.4.7.tgz",
      "integrity": "sha1-qKg1NejACjFuQDpdtKwbm4U64ng=",
      "requires": {
        "querystringify": "^2.1.1",
        "requires-port": "^1.0.0"
      }
    },
    "uuid": {
      "version": "3.4.0",
      "resolved": "https://registry.npm.taobao.org/uuid/download/uuid-3.4.0.tgz?cache=0&sync_timestamp=1588194481220&other_urls=https%3A%2F%2Fregistry.npm.taobao.org%2Fuuid%2Fdownload%2Fuuid-3.4.0.tgz",
      "integrity": "sha1-sj5DWK+oogL+ehAK8fX4g/AgB+4="
    }
  }
}
